Microsoft Visual Studio Solution File, Format Version 12.00
# Visual Studio 2012
Project("{FAE04EC0-301F-11D3-BF4B-00C04F79EFBC}") = "SGPStools", "SGPStools.csproj", "{D0593953-736D-4AC6-A9A6-703C52A72031}"
EndProject
Global
	GlobalSection(TeamFoundationVersionControl) = preSolution
		SccNumberOfProjects = 3
		SccEnterpriseProvider = {4CA58AB2-18FA-4F8D-95D4-32DDF27D184C}
		SccTeamFoundationServer = http://tfs.telecom.pt:8080/tfs/ecm%20collection
		SccWebProject0 = true
		SccProjectUniqueName0 = .
		SccProjectFilePathRelativizedFromConnection0 = 
		SccProjectEnlistmentChoice0 = 2
		SccProjectUniqueName1 = SGPStools.csproj
		SccLocalPath1 = .
		SccProjectEnlistmentChoice1 = 2
		SccLocalPath2 = .
	EndGlobalSection
	GlobalSection(SolutionConfigurationPlatforms) = preSolution
		Debug|Default = Debug|Default
		Release|Default = Release|Default
	EndGlobalSection
	GlobalSection(ProjectConfigurationPlatforms) = postSolution
		{D0593953-736D-4AC6-A9A6-703C52A72031}.Debug|Default.ActiveCfg = Debug|Any CPU
		{D0593953-736D-4AC6-A9A6-703C52A72031}.Debug|Default.Build.0 = Debug|Any CPU
		{D0593953-736D-4AC6-A9A6-703C52A72031}.Release|Default.ActiveCfg = Release|Any CPU
		{D0593953-736D-4AC6-A9A6-703C52A72031}.Release|Default.Build.0 = Release|Any CPU
	EndGlobalSection
	GlobalSection(SolutionProperties) = preSolution
		HideSolutionNode = FALSE
	EndGlobalSection
EndGlobal
